
Microsoft Visual Studio Solution File, Format Version 12.00
# Visual Studio Version 17
VisualStudioVersion = 17.5.002.0
MinimumVisualStudioVersion = 10.0.40219.1
Project("{9A19103F-16F7-4668-BE54-9A1E7A4F7556}") = "codigofinal", "codigofinal.csproj", "{8CB074A5-B32D-4B21-AA5C-9EC3E93C4B64}"
EndProject
Global
	GlobalSection(SolutionConfigurationPlatforms) = preSolution
		Debug|Any CPU = Debug|Any CPU
		Release|Any CPU = Release|Any CPU
	EndGlobalSection
	GlobalSection(ProjectConfigurationPlatforms) = postSolution
		{8CB074A5-B32D-4B21-AA5C-9EC3E93C4B64}.Debug|Any CPU.ActiveCfg = Debug|Any CPU
		{8CB074A5-B32D-4B21-AA5C-9EC3E93C4B64}.Debug|Any CPU.Build.0 = Debug|Any CPU
		{8CB074A5-B32D-4B21-AA5C-9EC3E93C4B64}.Release|Any CPU.ActiveCfg = Release|Any CPU
		{8CB074A5-B32D-4B21-AA5C-9EC3E93C4B64}.Release|Any CPU.Build.0 = Release|Any CPU
	EndGlobalSection
	GlobalSection(SolutionProperties) = preSolution
		HideSolutionNode = FALSE
	EndGlobalSection
	GlobalSection(ExtensibilityGlobals) = postSolution
		SolutionGuid = {2AD6579D-AC3A-49A7-A9F6-7608B6E1FBE1}
	EndGlobalSection
EndGlobal
